
Microsoft Visual Studio Solution File, Format Version 12.00
# Visual Studio Version 16
VisualStudioVersion = 16.0.29911.84
MinimumVisualStudioVersion = 10.0.40219.1
Project("{9A19103F-16F7-4668-BE54-9A1E7A4F7556}") = "StorageFolders", "StorageFolders\StorageFolders.csproj", "{492816CB-C03B-4C48-BB09-C68D53DB670B}"
EndProject
Project("{FAE04EC0-301F-11D3-BF4B-00C04F79EFBC}") = "StorageFolders.Droid", "StorageFolders.Droid\StorageFolders.Droid.csproj", "{94CDB75E-88F5-4EEA-BC45-89A6269DD576}"
EndProject
Project("{FAE04EC0-301F-11D3-BF4B-00C04F79EFBC}") = "StorageFolders.iOS", "StorageFolders.iOS\StorageFolders.iOS.csproj", "{88964550-7392-46EF-9663-804C0F81F474}"
EndProject
Project("{FAE04EC0-301F-11D3-BF4B-00C04F79EFBC}") = "StorageFolders.UWP", "StorageFolders.UWP\StorageFolders.UWP.csproj", "{1EB58585-53BE-46DF-B343-CD326D43FFBB}"
EndProject
Project("{9A19103F-16F7-4668-BE54-9A1E7A4F7556}") = "DeviceStorage", "DeviceStorage\DeviceStorage.csproj", "{9E0D3C29-E2EE-460A-A496-D5D99B46510B}"
EndProject
Global
	GlobalSection(SolutionConfigurationPlatforms) = preSolution
		Debug|Any CPU = Debug|Any CPU
		Debug|ARM = Debug|ARM
		Debug|iPhone = Debug|iPhone
		Debug|iPhoneSimulator = Debug|iPhoneSimulator
		Debug|x64 = Debug|x64
		Debug|x86 = Debug|x86
		Release|Any CPU = Release|Any CPU
		Release|ARM = Release|ARM
		Release|iPhone = Release|iPhone
		Release|iPhoneSimulator = Release|iPhoneSimulator
		Release|x64 = Release|x64
		Release|x86 = Release|x86
	EndGlobalSection
	GlobalSection(ProjectConfigurationPlatforms) = postSolution
		{492816CB-C03B-4C48-BB09-C68D53DB670B}.Debug|Any CPU.ActiveCfg = Debug|Any CPU
		{492816CB-C03B-4C48-BB09-C68D53DB670B}.Debug|Any CPU.Build.0 = Debug|Any CPU
		{492816CB-C03B-4C48-BB09-C68D53DB670B}.Debug|ARM.ActiveCfg = Debug|Any CPU
		{492816CB-C03B-4C48-BB09-C68D53DB670B}.Debug|ARM.Build.0 = Debug|Any CPU
		{492816CB-C03B-4C48-BB09-C68D53DB670B}.Debug|iPhone.ActiveCfg = Debug|Any CPU
		{492816CB-C03B-4C48-BB09-C68D53DB670B}.Debug|iPhone.Build.0 = Debug|Any CPU
		{492816CB-C03B-4C48-BB09-C68D53DB670B}.Debug|iPhoneSimulator.ActiveCfg = Debug|Any CPU
		{492816CB-C03B-4C48-BB09-C68D53DB670B}.Debug|iPhoneSimulator.Build.0 = Debug|Any CPU
		{492816CB-C03B-4C48-BB09-C68D53DB670B}.Debug|x64.ActiveCfg = Debug|Any CPU
		{492816CB-C03B-4C48-BB09-C68D53DB670B}.Debug|x64.Build.0 = Debug|Any CPU
		{492816CB-C03B-4C48-BB09-C68D53DB670B}.Debug|x86.ActiveCfg = Debug|Any CPU
		{492816CB-C03B-4C48-BB09-C68D53DB670B}.Debug|x86.Build.0 = Debug|Any CPU
		{492816CB-C03B-4C48-BB09-C68D53DB670B}.Release|Any CPU.ActiveCfg = Release|Any CPU
		{492816CB-C03B-4C48-BB09-C68D53DB670B}.Release|Any CPU.Build.0 = Release|Any CPU
		{492816CB-C03B-4C48-BB09-C68D53DB670B}.Release|ARM.ActiveCfg = Release|Any CPU
		{492816CB-C03B-4C48-BB09-C68D53DB670B}.Release|ARM.Build.0 = Release|Any CPU
		{492816CB-C03B-4C48-BB09-C68D53DB670B}.Release|iPhone.ActiveCfg = Release|Any CPU
		{492816CB-C03B-4C48-BB09-C68D53DB670B}.Release|iPhone.Build.0 = Release|Any CPU
		{492816CB-C03B-4C48-BB09-C68D53DB670B}.Release|iPhoneSimulator.ActiveCfg = Release|Any CPU
		{492816CB-C03B-4C48-BB09-C68D53DB670B}.Release|iPhoneSimulator.Build.0 = Release|Any CPU
		{492816CB-C03B-4C48-BB09-C68D53DB670B}.Release|x64.ActiveCfg = Release|Any CPU
		{492816CB-C03B-4C48-BB09-C68D53DB670B}.Release|x64.Build.0 = Release|Any CPU
		{492816CB-C03B-4C48-BB09-C68D53DB670B}.Release|x86.ActiveCfg = Release|Any CPU
		{492816CB-C03B-4C48-BB09-C68D53DB670B}.Release|x86.Build.0 = Release|Any CPU
		{94CDB75E-88F5-4EEA-BC45-89A6269DD576}.Debug|Any CPU.ActiveCfg = Debug|Any CPU
		{94CDB75E-88F5-4EEA-BC45-89A6269DD576}.Debug|Any CPU.Build.0 = Debug|Any CPU
		{94CDB75E-88F5-4EEA-BC45-89A6269DD576}.Debug|Any CPU.Deploy.0 = Debug|Any CPU
		{94CDB75E-88F5-4EEA-BC45-89A6269DD576}.Debug|ARM.ActiveCfg = Debug|Any CPU
		{94CDB75E-88F5-4EEA-BC45-89A6269DD576}.Debug|ARM.Build.0 = Debug|Any CPU
		{94CDB75E-88F5-4EEA-BC45-89A6269DD576}.Debug|ARM.Deploy.0 = Debug|Any CPU
		{94CDB75E-88F5-4EEA-BC45-89A6269DD576}.Debug|iPhone.ActiveCfg = Debug|Any CPU
		{94CDB75E-88F5-4EEA-BC45-89A6269DD576}.Debug|iPhone.Build.0 = Debug|Any CPU
		{94CDB75E-88F5-4EEA-BC45-89A6269DD576}.Debug|iPhone.Deploy.0 = Debug|Any CPU
		{94CDB75E-88F5-4EEA-BC45-89A6269DD576}.Debug|iPhoneSimulator.ActiveCfg = Debug|Any CPU
		{94CDB75E-88F5-4EEA-BC45-89A6269DD576}.Debug|iPhoneSimulator.Build.0 = Debug|Any CPU
		{94CDB75E-88F5-4EEA-BC45-89A6269DD576}.Debug|iPhoneSimulator.Deploy.0 = Debug|Any CPU
		{94CDB75E-88F5-4EEA-BC45-89A6269DD576}.Debug|x64.ActiveCfg = Debug|Any CPU
		{94CDB75E-88F5-4EEA-BC45-89A6269DD576}.Debug|x64.Build.0 = Debug|Any CPU
		{94CDB75E-88F5-4EEA-BC45-89A6269DD576}.Debug|x64.Deploy.0 = Debug|Any CPU
		{94CDB75E-88F5-4EEA-BC45-89A6269DD576}.Debug|x86.ActiveCfg = Debug|Any CPU
		{94CDB75E-88F5-4EEA-BC45-89A6269DD576}.Debug|x86.Build.0 = Debug|Any CPU
		{94CDB75E-88F5-4EEA-BC45-89A6269DD576}.Debug|x86.Deploy.0 = Debug|Any CPU
		{94CDB75E-88F5-4EEA-BC45-89A6269DD576}.Release|Any CPU.ActiveCfg = Release|Any CPU
		{94CDB75E-88F5-4EEA-BC45-89A6269DD576}.Release|Any CPU.Build.0 = Release|Any CPU
		{94CDB75E-88F5-4EEA-BC45-89A6269DD576}.Release|Any CPU.Deploy.0 = Release|Any CPU
		{94CDB75E-88F5-4EEA-BC45-89A6269DD576}.Release|ARM.ActiveCfg = Release|Any CPU
		{94CDB75E-88F5-4EEA-BC45-89A6269DD576}.Release|ARM.Build.0 = Release|Any CPU
		{94CDB75E-88F5-4EEA-BC45-89A6269DD576}.Release|ARM.Deploy.0 = Release|Any CPU
		{94CDB75E-88F5-4EEA-BC45-89A6269DD576}.Release|iPhone.ActiveCfg = Release|Any CPU
		{94CDB75E-88F5-4EEA-BC45-89A6269DD576}.Release|iPhone.Build.0 = Release|Any CPU
		{94CDB75E-88F5-4EEA-BC45-89A6269DD576}.Release|iPhone.Deploy.0 = Release|Any CPU
		{94CDB75E-88F5-4EEA-BC45-89A6269DD576}.Release|iPhoneSimulator.ActiveCfg = Release|Any CPU
		{94CDB75E-88F5-4EEA-BC45-89A6269DD576}.Release|iPhoneSimulator.Build.0 = Release|Any CPU
		{94CDB75E-88F5-4EEA-BC45-89A6269DD576}.Release|iPhoneSimulator.Deploy.0 = Release|Any CPU
		{94CDB75E-88F5-4EEA-BC45-89A6269DD576}.Release|x64.ActiveCfg = Release|Any CPU
		{94CDB75E-88F5-4EEA-BC45-89A6269DD576}.Release|x64.Build.0 = Release|Any CPU
		{94CDB75E-88F5-4EEA-BC45-89A6269DD576}.Release|x64.Deploy.0 = Release|Any CPU
		{94CDB75E-88F5-4EEA-BC45-89A6269DD576}.Release|x86.ActiveCfg = Release|Any CPU
		{94CDB75E-88F5-4EEA-BC45-89A6269DD576}.Release|x86.Build.0 = Release|Any CPU
		{94CDB75E-88F5-4EEA-BC45-89A6269DD576}.Release|x86.Deploy.0 = Release|Any CPU
		{88964550-7392-46EF-9663-804C0F81F474}.Debug|Any CPU.ActiveCfg = Debug|iPhone
		{88964550-7392-46EF-9663-804C0F81F474}.Debug|ARM.ActiveCfg = Debug|iPhone
		{88964550-7392-46EF-9663-804C0F81F474}.Debug|iPhone.ActiveCfg = Debug|iPhone
		{88964550-7392-46EF-9663-804C0F81F474}.Debug|iPhone.Build.0 = Debug|iPhone
		{88964550-7392-46EF-9663-804C0F81F474}.Debug|iPhoneSimulator.ActiveCfg = Debug|iPhoneSimulator
		{88964550-7392-46EF-9663-804C0F81F474}.Debug|iPhoneSimulator.Build.0 = Debug|iPhoneSimulator
		{88964550-7392-46EF-9663-804C0F81F474}.Debug|x64.ActiveCfg = Debug|iPhone
		{88964550-7392-46EF-9663-804C0F81F474}.Debug|x86.ActiveCfg = Debug|iPhone
		{88964550-7392-46EF-9663-804C0F81F474}.Release|Any CPU.ActiveCfg = Release|iPhone
		{88964550-7392-46EF-9663-804C0F81F474}.Release|ARM.ActiveCfg = Release|iPhone
		{88964550-7392-46EF-9663-804C0F81F474}.Release|iPhone.ActiveCfg = Release|iPhone
		{88964550-7392-46EF-9663-804C0F81F474}.Release|iPhone.Build.0 = Release|iPhone
		{88964550-7392-46EF-9663-804C0F81F474}.Release|iPhoneSimulator.ActiveCfg = Release|iPhoneSimulator
		{88964550-7392-46EF-9663-804C0F81F474}.Release|iPhoneSimulator.Build.0 = Release|iPhoneSimulator
		{88964550-7392-46EF-9663-804C0F81F474}.Release|x64.ActiveCfg = Release|iPhone
		{88964550-7392-46EF-9663-804C0F81F474}.Release|x86.ActiveCfg = Release|iPhone
		{1EB58585-53BE-46DF-B343-CD326D43FFBB}.Debug|Any CPU.ActiveCfg = Debug|x86
		{1EB58585-53BE-46DF-B343-CD326D43FFBB}.Debug|ARM.ActiveCfg = Debug|ARM
		{1EB58585-53BE-46DF-B343-CD326D43FFBB}.Debug|ARM.Build.0 = Debug|ARM
		{1EB58585-53BE-46DF-B343-CD326D43FFBB}.Debug|ARM.Deploy.0 = Debug|ARM
		{1EB58585-53BE-46DF-B343-CD326D43FFBB}.Debug|iPhone.ActiveCfg = Debug|x86
		{1EB58585-53BE-46DF-B343-CD326D43FFBB}.Debug|iPhoneSimulator.ActiveCfg = Debug|x86
		{1EB58585-53BE-46DF-B343-CD326D43FFBB}.Debug|x64.ActiveCfg = Debug|x64
		{1EB58585-53BE-46DF-B343-CD326D43FFBB}.Debug|x64.Build.0 = Debug|x64
		{1EB58585-53BE-46DF-B343-CD326D43FFBB}.Debug|x64.Deploy.0 = Debug|x64
		{1EB58585-53BE-46DF-B343-CD326D43FFBB}.Debug|x86.ActiveCfg = Debug|x86
		{1EB58585-53BE-46DF-B343-CD326D43FFBB}.Debug|x86.Build.0 = Debug|x86
		{1EB58585-53BE-46DF-B343-CD326D43FFBB}.Debug|x86.Deploy.0 = Debug|x86
		{1EB58585-53BE-46DF-B343-CD326D43FFBB}.Release|Any CPU.ActiveCfg = Release|x86
		{1EB58585-53BE-46DF-B343-CD326D43FFBB}.Release|ARM.ActiveCfg = Release|ARM
		{1EB58585-53BE-46DF-B343-CD326D43FFBB}.Release|ARM.Build.0 = Release|ARM
		{1EB58585-53BE-46DF-B343-CD326D43FFBB}.Release|ARM.Deploy.0 = Release|ARM
		{1EB58585-53BE-46DF-B343-CD326D43FFBB}.Release|iPhone.ActiveCfg = Release|x86
		{1EB58585-53BE-46DF-B343-CD326D43FFBB}.Release|iPhoneSimulator.ActiveCfg = Release|x86
		{1EB58585-53BE-46DF-B343-CD326D43FFBB}.Release|x64.ActiveCfg = Release|x64
		{1EB58585-53BE-46DF-B343-CD326D43FFBB}.Release|x64.Build.0 = Release|x64
		{1EB58585-53BE-46DF-B343-CD326D43FFBB}.Release|x64.Deploy.0 = Release|x64
		{1EB58585-53BE-46DF-B343-CD326D43FFBB}.Release|x86.ActiveCfg = Release|x86
		{1EB58585-53BE-46DF-B343-CD326D43FFBB}.Release|x86.Build.0 = Release|x86
		{1EB58585-53BE-46DF-B343-CD326D43FFBB}.Release|x86.Deploy.0 = Release|x86
		{9E0D3C29-E2EE-460A-A496-D5D99B46510B}.Debug|Any CPU.ActiveCfg = Debug|Any CPU
		{9E0D3C29-E2EE-460A-A496-D5D99B46510B}.Debug|Any CPU.Build.0 = Debug|Any CPU
		{9E0D3C29-E2EE-460A-A496-D5D99B46510B}.Debug|ARM.ActiveCfg = Debug|Any CPU
		{9E0D3C29-E2EE-460A-A496-D5D99B46510B}.Debug|ARM.Build.0 = Debug|Any CPU
		{9E0D3C29-E2EE-460A-A496-D5D99B46510B}.Debug|iPhone.ActiveCfg = Debug|Any CPU
		{9E0D3C29-E2EE-460A-A496-D5D99B46510B}.Debug|iPhone.Build.0 = Debug|Any CPU
		{9E0D3C29-E2EE-460A-A496-D5D99B46510B}.Debug|iPhoneSimulator.ActiveCfg = Debug|Any CPU
		{9E0D3C29-E2EE-460A-A496-D5D99B46510B}.Debug|iPhoneSimulator.Build.0 = Debug|Any CPU
		{9E0D3C29-E2EE-460A-A496-D5D99B46510B}.Debug|x64.ActiveCfg = Debug|Any CPU
		{9E0D3C29-E2EE-460A-A496-D5D99B46510B}.Debug|x64.Build.0 = Debug|Any CPU
		{9E0D3C29-E2EE-460A-A496-D5D99B46510B}.Debug|x86.ActiveCfg = Debug|Any CPU
		{9E0D3C29-E2EE-460A-A496-D5D99B46510B}.Debug|x86.Build.0 = Debug|Any CPU
		{9E0D3C29-E2EE-460A-A496-D5D99B46510B}.Release|Any CPU.ActiveCfg = Release|Any CPU
		{9E0D3C29-E2EE-460A-A496-D5D99B46510B}.Release|Any CPU.Build.0 = Release|Any CPU
		{9E0D3C29-E2EE-460A-A496-D5D99B46510B}.Release|ARM.ActiveCfg = Release|Any CPU
		{9E0D3C29-E2EE-460A-A496-D5D99B46510B}.Release|ARM.Build.0 = Release|Any CPU
		{9E0D3C29-E2EE-460A-A496-D5D99B46510B}.Release|iPhone.ActiveCfg = Release|Any CPU
		{9E0D3C29-E2EE-460A-A496-D5D99B46510B}.Release|iPhone.Build.0 = Release|Any CPU
		{9E0D3C29-E2EE-460A-A496-D5D99B46510B}.Release|iPhoneSimulator.ActiveCfg = Release|Any CPU
		{9E0D3C29-E2EE-460A-A496-D5D99B46510B}.Release|iPhoneSimulator.Build.0 = Release|Any CPU
		{9E0D3C29-E2EE-460A-A496-D5D99B46510B}.Release|x64.ActiveCfg = Release|Any CPU
		{9E0D3C29-E2EE-460A-A496-D5D99B46510B}.Release|x64.Build.0 = Release|Any CPU
		{9E0D3C29-E2EE-460A-A496-D5D99B46510B}.Release|x86.ActiveCfg = Release|Any CPU
		{9E0D3C29-E2EE-460A-A496-D5D99B46510B}.Release|x86.Build.0 = Release|Any CPU
	EndGlobalSection
	GlobalSection(SolutionProperties) = preSolution
		HideSolutionNode = FALSE
	EndGlobalSection
	GlobalSection(ExtensibilityGlobals) = postSolution
		SolutionGuid = {B5B86B48-40A2-4965-A17F-85C23E070EDE}
	EndGlobalSection
EndGlobal
